// !$*UTF8*$!
{
	archiveVersion = 1;
	classes = {
	};
	objectVersion = 46;
	objects = {

/* Begin PBXBuildFile section */
		655714351DC31E1D000B7200 /* AppDelegate.swift in Sources */ = {isa = PBXBuildFile; fileRef = 655714341DC31E1D000B7200 /* AppDelegate.swift */; };
		655714371DC31E1D000B7200 /* ViewController.swift in Sources */ = {isa = PBXBuildFile; fileRef = 655714361DC31E1D000B7200 /* ViewController.swift */; };
		6557143A1DC31E1D000B7200 /* Main.storyboard in Resources */ = {isa = PBXBuildFile; fileRef = 655714381DC31E1D000B7200 /* Main.storyboard */; };
		6557143D1DC31E1D000B7200 /* SingleDogDaily.xcdatamodeld in Sources */ = {isa = PBXBuildFile; fileRef = 6557143B1DC31E1D000B7200 /* SingleDogDaily.xcdatamodeld */; };
		6557143F1DC31E1D000B7200 /* Assets.xcassets in Resources */ = {isa = PBXBuildFile; fileRef = 6557143E1DC31E1D000B7200 /* Assets.xcassets */; };
		655714421DC31E1D000B7200 /* LaunchScreen.storyboard in Resources */ = {isa = PBXBuildFile; fileRef = 655714401DC31E1D000B7200 /* LaunchScreen.storyboard */; };
		6557144D1DC31E1D000B7200 /* SingleDogDailyTests.swift in Sources */ = {isa = PBXBuildFile; fileRef = 6557144C1DC31E1D000B7200 /* SingleDogDailyTests.swift */; };
		655714581DC31E1D000B7200 /* SingleDogDailyUITests.swift in Sources */ = {isa = PBXBuildFile; fileRef = 655714571DC31E1D000B7200 /* SingleDogDailyUITests.swift */; };
/* End PBXBuildFile section */

/* Begin PBXContainerItemProxy section */
		655714491DC31E1D000B7200 /* PBXContainerItemProxy */ = {
			isa = PBXContainerItemProxy;
			containerPortal = 655714291DC31E1D000B7200 /* Project object */;
			proxyType = 1;
			remoteGlobalIDString = 655714301DC31E1D000B7200;
			remoteInfo = SingleDogDaily;
		};
		655714541DC31E1D000B7200 /* PBXContainerItemProxy */ = {
			isa = PBXContainerItemProxy;
			containerPortal = 655714291DC31E1D000B7200 /* Project object */;
			proxyType = 1;
			remoteGlobalIDString = 655714301DC31E1D000B7200;
			remoteInfo = SingleDogDaily;
		};
/* End PBXContainerItemProxy section */

/* Begin PBXFileReference section */
		655714311DC31E1D000B7200 /* SingleDogDaily.app */ = {isa = PBXFileReference; explicitFileType = wrapper.application; includeInIndex = 0; path = SingleDogDaily.app; sourceTree = BUILT_PRODUCTS_DIR; };
		655714341DC31E1D000B7200 /* AppDelegate.swift */ = {isa = PBXFileReference; lastKnownFileType = sourcecode.swift; path = AppDelegate.swift; sourceTree = "<group>"; };
		655714361DC31E1D000B7200 /* ViewController.swift */ = {isa = PBXFileReference; lastKnownFileType = sourcecode.swift; path = ViewController.swift; sourceTree = "<group>"; };
		655714391DC31E1D000B7200 /* Base */ = {isa = PBXFileReference; lastKnownFileType = file.storyboard; name = Base; path = Base.lproj/Main.storyboard; sourceTree = "<group>"; };
		6557143C1DC31E1D000B7200 /* SingleDogDaily.xcdatamodel */ = {isa = PBXFileReference; lastKnownFileType = wrapper.xcdatamodel; path = SingleDogDaily.xcdatamodel; sourceTree = "<group>"; };
		6557143E1DC31E1D000B7200 /* Assets.xcassets */ = {isa = PBXFileReference; lastKnownFileType = folder.assetcatalog; path = Assets.xcassets; sourceTree = "<group>"; };
		655714411DC31E1D000B7200 /* Base */ = {isa = PBXFileReference; lastKnownFileType = file.storyboard; name = Base; path = Base.lproj/LaunchScreen.storyboard; sourceTree = "<group>"; };
		655714431DC31E1D000B7200 /* Info.plist */ = {isa = PBXFileReference; lastKnownFileType = text.plist.xml; path = Info.plist; sourceTree = "<group>"; };
		655714481DC31E1D000B7200 /* SingleDogDailyTests.xctest */ = {isa = PBXFileReference; explicitFileType = wrapper.cfbundle; includeInIndex = 0; path = SingleDogDailyTests.xctest; sourceTree = BUILT_PRODUCTS_DIR; };
		6557144C1DC31E1D000B7200 /* SingleDogDailyTests.swift */ = {isa = PBXFileReference; lastKnownFileType = sourcecode.swift; path = SingleDogDailyTests.swift; sourceTree = "<group>"; };
		6557144E1DC31E1D000B7200 /* Info.plist */ = {isa = PBXFileReference; lastKnownFileType = text.plist.xml; path = Info.plist; sourceTree = "<group>"; };
		655714531DC31E1D000B7200 /* SingleDogDailyUITests.xctest */ = {isa = PBXFileReference; explicitFileType = wrapper.cfbundle; includeInIndex = 0; path = SingleDogDailyUITests.xctest; sourceTree = BUILT_PRODUCTS_DIR; };
		655714571DC31E1D000B7200 /* SingleDogDailyUITests.swift */ = {isa = PBXFileReference; lastKnownFileType = sourcecode.swift; path = SingleDogDailyUITests.swift; sourceTree = "<group>"; };
		655714591DC31E1D000B7200 /* Info.plist */ = {isa = PBXFileReference; lastKnownFileType = text.plist.xml; path = Info.plist; sourceTree = "<group>"; };
/* End PBXFileReference section */

/* Begin PBXFrameworksBuildPhase section */
		6557142E1DC31E1D000B7200 /* Frameworks */ = {
			isa = PBXFrameworksBuildPhase;
			buildActionMask = 2147483647;
			files = (
			);
			runOnlyForDeploymentPostprocessing = 0;
		};
		655714451DC31E1D000B7200 /* Frameworks */ = {
			isa = PBXFrameworksBuildPhase;
			buildActionMask = 2147483647;
			files = (
			);
			runOnlyForDeploymentPostprocessing = 0;
		};
		655714501DC31E1D000B7200 /* Frameworks */ = {
			isa = PBXFrameworksBuildPhase;
			buildActionMask = 2147483647;
			files = (
			);
			runOnlyForDeploymentPostprocessing = 0;
		};
/* End PBXFrameworksBuildPhase section */

/* Begin PBXGroup section */
		655714281DC31E1D000B7200 = {
			isa = PBXGroup;
			children = (
				655714331DC31E1D000B7200 /* SingleDogDaily */,
				6557144B1DC31E1D000B7200 /* SingleDogDailyTests */,
				655714561DC31E1D000B7200 /* SingleDogDailyUITests */,
				655714321DC31E1D000B7200 /* Products */,
			);
			sourceTree = "<group>";
		};
		655714321DC31E1D000B7200 /* Products */ = {
			isa = PBXGroup;
			children = (
				655714311DC31E1D000B7200 /* SingleDogDaily.app */,
				655714481DC31E1D000B7200 /* SingleDogDailyTests.xctest */,
				655714531DC31E1D000B7200 /* SingleDogDailyUITests.xctest */,
			);
			name = Products;
			sourceTree = "<group>";
		};
		655714331DC31E1D000B7200 /* SingleDogDaily */ = {
			isa = PBXGroup;
			children = (
				655714341DC31E1D000B7200 /* AppDelegate.swift */,
				655714361DC31E1D000B7200 /* ViewController.swift */,
				655714381DC31E1D000B7200 /* Main.storyboard */,
				6557143E1DC31E1D000B7200 /* Assets.xcassets */,
				655714401DC31E1D000B7200 /* LaunchScreen.storyboard */,
				655714431DC31E1D000B7200 /* Info.plist */,
				6557143B1DC31E1D000B7200 /* SingleDogDaily.xcdatamodeld */,
			);
			path = SingleDogDaily;
			sourceTree = "<group>";
		};
		6557144B1DC31E1D000B7200 /* SingleDogDailyTests */ = {
			isa = PBXGroup;
			children = (
				6557144C1DC31E1D000B7200 /* SingleDogDailyTests.swift */,
				6557144E1DC31E1D000B7200 /* Info.plist */,
			);
			path = SingleDogDailyTests;
			sourceTree = "<group>";
		};
		655714561DC31E1D000B7200 /* SingleDogDailyUITests */ = {
			isa = PBXGroup;
			children = (
				655714571DC31E1D000B7200 /* SingleDogDailyUITests.swift */,
				655714591DC31E1D000B7200 /* Info.plist */,
			);
			path = SingleDogDailyUITests;
			sourceTree = "<group>";
		};
/* End PBXGroup section */

/* Begin PBXNativeTarget section */
		655714301DC31E1D000B7200 /* SingleDogDaily */ = {
			isa = PBXNativeTarget;
			buildConfigurationList = 6557145C1DC31E1D000B7200 /* Build configuration list for PBXNativeTarget "SingleDogDaily" */;
			buildPhases = (
				6557142D1DC31E1D000B7200 /* Sources */,
				6557142E1DC31E1D000B7200 /* Frameworks */,
				6557142F1DC31E1D000B7200 /* Resources */,
			);
			buildRules = (
			);
			dependencies = (
			);
			name = SingleDogDaily;
			productName = SingleDogDaily;
			productReference = 655714311DC31E1D000B7200 /* SingleDogDaily.app */;
			productType = "com.apple.product-type.application";
		};
		655714471DC31E1D000B7200 /* SingleDogDailyTests */ = {
			isa = PBXNativeTarget;
			buildConfigurationList = 6557145F1DC31E1D000B7200 /* Build configuration list for PBXNativeTarget "SingleDogDailyTests" */;
			buildPhases = (
				655714441DC31E1D000B7200 /* Sources */,
				655714451DC31E1D000B7200 /* Frameworks */,
				655714461DC31E1D000B7200 /* Resources */,
			);
			buildRules = (
			);
			dependencies = (
				6557144A1DC31E1D000B7200 /* PBXTargetDependency */,
			);
			name = SingleDogDailyTests;
			productName = SingleDogDailyTests;
			productReference = 655714481DC31E1D000B7200 /* SingleDogDailyTests.xctest */;
			productType = "com.apple.product-type.bundle.unit-test";
		};
		655714521DC31E1D000B7200 /* SingleDogDailyUITests */ = {
			isa = PBXNativeTarget;
			buildConfigurationList = 655714621DC31E1D000B7200 /* Build configuration list for PBXNativeTarget "SingleDogDailyUITests" */;
			buildPhases = (
				6557144F1DC31E1D000B7200 /* Sources */,
				655714501DC31E1D000B7200 /* Frameworks */,
				655714511DC31E1D000B7200 /* Resources */,
			);
			buildRules = (
			);
			dependencies = (
				655714551DC31E1D000B7200 /* PBXTargetDependency */,
			);
			name = SingleDogDailyUITests;
			productName = SingleDogDailyUITests;
			productReference = 655714531DC31E1D000B7200 /* SingleDogDailyUITests.xctest */;
			productType = "com.apple.product-type.bundle.ui-testing";
		};
/* End PBXNativeTarget section */

/* Begin PBXProject section */
		655714291DC31E1D000B7200 /* Project object */ = {
			isa = PBXProject;
			attributes = {
				LastSwiftUpdateCheck = 0800;
				LastUpgradeCheck = 0800;
				ORGANIZATIONNAME = Tommy;
				TargetAttributes = {
					655714301DC31E1D000B7200 = {
						CreatedOnToolsVersion = 8.0;
						DevelopmentTeam = 33T2QK6H57;
						ProvisioningStyle = Automatic;
					};
					655714471DC31E1D000B7200 = {
						CreatedOnToolsVersion = 8.0;
						DevelopmentTeam = 33T2QK6H57;
						ProvisioningStyle = Automatic;
						TestTargetID = 655714301DC31E1D000B7200;
					};
					655714521DC31E1D000B7200 = {
						CreatedOnToolsVersion = 8.0;
						DevelopmentTeam = 33T2QK6H57;
						ProvisioningStyle = Automatic;
						TestTargetID = 655714301DC31E1D000B7200;
					};
				};
			};
			buildConfigurationList = 6557142C1DC31E1D000B7200 /* Build configuration list for PBXProject "SingleDogDaily" */;
			compatibilityVersion = "Xcode 3.2";
			developmentRegion = English;
			hasScannedForEncodings = 0;
			knownRegions = (
				en,
				Base,
			);
			mainGroup = 655714281DC31E1D000B7200;
			productRefGroup = 655714321DC31E1D000B7200 /* Products */;
			projectDirPath = "";
			projectRoot = "";
			targets = (
				655714301DC31E1D000B7200 /* SingleDogDaily */,
				655714471DC31E1D000B7200 /* SingleDogDailyTests */,
				655714521DC31E1D000B7200 /* SingleDogDailyUITests */,
			);
		};
/* End PBXProject section */

/* Begin PBXResourcesBuildPhase section */
		6557142F1DC31E1D000B7200 /* Resources */ = {
			isa = PBXResourcesBuildPhase;
			buildActionMask = 2147483647;
			files = (
				655714421DC31E1D000B7200 /* LaunchScreen.storyboard in Resources */,
				6557143F1DC31E1D000B7200 /* Assets.xcassets in Resources */,
				6557143A1DC31E1D000B7200 /* Main.storyboard in Resources */,
			);
			runOnlyForDeploymentPostprocessing = 0;
		};
		655714461DC31E1D000B7200 /* Resources */ = {
			isa = PBXResourcesBuildPhase;
			buildActionMask = 2147483647;
			files = (
			);
			runOnlyForDeploymentPostprocessing = 0;
		};
		655714511DC31E1D000B7200 /* Resources */ = {
			isa = PBXResourcesBuildPhase;
			buildActionMask = 2147483647;
			files = (
			);
			runOnlyForDeploymentPostprocessing = 0;
		};
/* End PBXResourcesBuildPhase section */

/* Begin PBXSourcesBuildPhase section */
		6557142D1DC31E1D000B7200 /* Sources */ = {
			isa = PBXSourcesBuildPhase;
			buildActionMask = 2147483647;
			files = (
				6557143D1DC31E1D000B7200 /* SingleDogDaily.xcdatamodeld in Sources */,
				655714371DC31E1D000B7200 /* ViewController.swift in Sources */,
				655714351DC31E1D000B7200 /* AppDelegate.swift in Sources */,
			);
			runOnlyForDeploymentPostprocessing = 0;
		};
		655714441DC31E1D000B7200 /* Sources */ = {
			isa = PBXSourcesBuildPhase;
			buildActionMask = 2147483647;
			files = (
				6557144D1DC31E1D000B7200 /* SingleDogDailyTests.swift in Sources */,
			);
			runOnlyForDeploymentPostprocessing = 0;
		};
		6557144F1DC31E1D000B7200 /* Sources */ = {
			isa = PBXSourcesBuildPhase;
			buildActionMask = 2147483647;
			files = (
				655714581DC31E1D000B7200 /* SingleDogDailyUITests.swift in Sources */,
			);
			runOnlyForDeploymentPostprocessing = 0;
		};
/* End PBXSourcesBuildPhase section */

/* Begin PBXTargetDependency section */
		6557144A1DC31E1D000B7200 /* PBXTargetDependency */ = {
			isa = PBXTargetDependency;
			target = 655714301DC31E1D000B7200 /* SingleDogDaily */;
			targetProxy = 655714491DC31E1D000B7200 /* PBXContainerItemProxy */;
		};
		655714551DC31E1D000B7200 /* PBXTargetDependency */ = {
			isa = PBXTargetDependency;
			target = 655714301DC31E1D000B7200 /* SingleDogDaily */;
			targetProxy = 655714541DC31E1D000B7200 /* PBXContainerItemProxy */;
		};
/* End PBXTargetDependency section */

/* Begin PBXVariantGroup section */
		655714381DC31E1D000B7200 /* Main.storyboard */ = {
			isa = PBXVariantGroup;
			children = (
				655714391DC31E1D000B7200 /* Base */,
			);
			name = Main.storyboard;
			sourceTree = "<group>";
		};
		655714401DC31E1D000B7200 /* LaunchScreen.storyboard */ = {
			isa = PBXVariantGroup;
			children = (
				655714411DC31E1D000B7200 /* Base */,
			);
			name = LaunchScreen.storyboard;
			sourceTree = "<group>";
		};
/* End PBXVariantGroup section */

/* Begin XCBuildConfiguration section */
		6557145A1DC31E1D000B7200 /* Debug */ = {
			isa = XCBuildConfiguration;
			buildSettings = {
				ALWAYS_SEARCH_USER_PATHS = NO;
				CLANG_ANALYZER_NONNULL = YES;
				CLANG_CXX_LANGUAGE_STANDARD = "gnu++0x";
				CLANG_CXX_LIBRARY = "libc++";
				CLANG_ENABLE_MODULES = YES;
				CLANG_ENABLE_OBJC_ARC = YES;
				CLANG_WARN_BOOL_CONVERSION = YES;
				CLANG_WARN_CONSTANT_CONVERSION = YES;
				CLANG_WARN_DIRECT_OBJC_ISA_USAGE = YES_ERROR;
				CLANG_WARN_DOCUMENTATION_COMMENTS = YES;
				CLANG_WARN_EMPTY_BODY = YES;
				CLANG_WARN_ENUM_CONVERSION = YES;
				CLANG_WARN_INFINITE_RECURSION = YES;
				CLANG_WARN_INT_CONVERSION = YES;
				CLANG_WARN_OBJC_ROOT_CLASS = YES_ERROR;
				CLANG_WARN_SUSPICIOUS_MOVES = YES;
				CLANG_WARN_UNREACHABLE_CODE = YES;
				CLANG_WARN__DUPLICATE_METHOD_MATCH = YES;
				"CODE_SIGN_IDENTITY[sdk=iphoneos*]" = "iPhone Developer";
				COPY_PHASE_STRIP = NO;
				DEBUG_INFORMATION_FORMAT = dwarf;
				ENABLE_STRICT_OBJC_MSGSEND = YES;
				ENABLE_TESTABILITY = YES;
				GCC_C_LANGUAGE_STANDARD = gnu99;
				GCC_DYNAMIC_NO_PIC = NO;
				GCC_NO_COMMON_BLOCKS = YES;
				GCC_OPTIMIZATION_LEVEL = 0;
				GCC_PREPROCESSOR_DEFINITIONS = (
					"DEBUG=1",
					"$(inherited)",
				);
				GCC_WARN_64_TO_32_BIT_CONVERSION = YES;
				GCC_WARN_ABOUT_RETURN_TYPE = YES_ERROR;
				GCC_WARN_UNDECLARED_SELECTOR = YES;
				GCC_WARN_UNINITIALIZED_AUTOS = YES_AGGRESSIVE;
				GCC_WARN_UNUSED_FUNCTION = YES;
				GCC_WARN_UNUSED_VARIABLE = YES;
				IPHONEOS_DEPLOYMENT_TARGET = 10.0;
				MTL_ENABLE_DEBUG_INFO = YES;
				ONLY_ACTIVE_ARCH = YES;
				SDKROOT = iphoneos;
				SWIFT_ACTIVE_COMPILATION_CONDITIONS = DEBUG;
				SWIFT_OPTIMIZATION_LEVEL = "-Onone";
			};
			name = Debug;
		};
		6557145B1DC31E1D000B7200 /* Release */ = {
			isa = XCBuildConfiguration;
			buildSettings = {
				ALWAYS_SEARCH_USER_PATHS = NO;
				CLANG_ANALYZER_NONNULL = YES;
				CLANG_CXX_LANGUAGE_STANDARD = "gnu++0x";
				CLANG_CXX_LIBRARY = "libc++";
				CLANG_ENABLE_MODULES = YES;
				CLANG_ENABLE_OBJC_ARC = YES;
				CLANG_WARN_BOOL_CONVERSION = YES;
				CLANG_WARN_CONSTANT_CONVERSION = YES;
				CLANG_WARN_DIRECT_OBJC_ISA_USAGE = YES_ERROR;
				CLANG_WARN_DOCUMENTATION_COMMENTS = YES;
				CLANG_WARN_EMPTY_BODY = YES;
				CLANG_WARN_ENUM_CONVERSION = YES;
				CLANG_WARN_INFINITE_RECURSION = YES;
				CLANG_WARN_INT_CONVERSION = YES;
				CLANG_WARN_OBJC_ROOT_CLASS = YES_ERROR;
				CLANG_WARN_SUSPICIOUS_MOVES = YES;
				CLANG_WARN_UNREACHABLE_CODE = YES;
				CLANG_WARN__DUPLICATE_METHOD_MATCH = YES;
				"CODE_SIGN_IDENTITY[sdk=iphoneos*]" = "iPhone Developer";
				COPY_PHASE_STRIP = NO;
				DEBUG_INFORMATION_FORMAT = "dwarf-with-dsym";
				ENABLE_NS_ASSERTIONS = NO;
				ENABLE_STRICT_OBJC_MSGSEND = YES;
				GCC_C_LANGUAGE_STANDARD = gnu99;
				GCC_NO_COMMON_BLOCKS = YES;
				GCC_WARN_64_TO_32_BIT_CONVERSION = YES;
				GCC_WARN_ABOUT_RETURN_TYPE = YES_ERROR;
				GCC_WARN_UNDECLARED_SELECTOR = YES;
				GCC_WARN_UNINITIALIZED_AUTOS = YES_AGGRESSIVE;
				GCC_WARN_UNUSED_FUNCTION = YES;
				GCC_WARN_UNUSED_VARIABLE = YES;
				IPHONEOS_DEPLOYMENT_TARGET = 10.0;
				MTL_ENABLE_DEBUG_INFO = NO;
				SDKROOT = iphoneos;
				SWIFT_OPTIMIZATION_LEVEL = "-Owholemodule";
				VALIDATE_PRODUCT = YES;
			};
			name = Release;
		};
		6557145D1DC31E1D000B7200 /* Debug */ = {
			isa = XCBuildConfiguration;
			buildSettings = {
				ASSETCATALOG_COMPILER_APPICON_NAME = AppIcon;
				DEVELOPMENT_TEAM = 33T2QK6H57;
				INFOPLIST_FILE = SingleDogDaily/Info.plist;
				LD_RUNPATH_SEARCH_PATHS = "$(inherited) @executable_path/Frameworks";
				PRODUCT_BUNDLE_IDENTIFIER = tommy.demo.singledogdaily.SingleDogDaily;
				PRODUCT_NAME = "$(TARGET_NAME)";
				SWIFT_VERSION = 3.0;
			};
			name = Debug;
		};
		6557145E1DC31E1D000B7200 /* Release */ = {
			isa = XCBuildConfiguration;
			buildSettings = {
				ASSETCATALOG_COMPILER_APPICON_NAME = AppIcon;
				DEVELOPMENT_TEAM = 33T2QK6H57;
				INFOPLIST_FILE = SingleDogDaily/Info.plist;
				LD_RUNPATH_SEARCH_PATHS = "$(inherited) @executable_path/Frameworks";
				PRODUCT_BUNDLE_IDENTIFIER = tommy.demo.singledogdaily.SingleDogDaily;
				PRODUCT_NAME = "$(TARGET_NAME)";
				SWIFT_VERSION = 3.0;
			};
			name = Release;
		};
		655714601DC31E1D000B7200 /* Debug */ = {
			isa = XCBuildConfiguration;
			buildSettings = {
				ALWAYS_EMBED_SWIFT_STANDARD_LIBRARIES = YES;
				BUNDLE_LOADER = "$(TEST_HOST)";
				DEVELOPMENT_TEAM = 33T2QK6H57;
				INFOPLIST_FILE = SingleDogDailyTests/Info.plist;
				LD_RUNPATH_SEARCH_PATHS = "$(inherited) @executable_path/Frameworks @loader_path/Frameworks";
				PRODUCT_BUNDLE_IDENTIFIER = tommy.demo.singledogdaily.SingleDogDailyTests;
				PRODUCT_NAME = "$(TARGET_NAME)";
				SWIFT_VERSION = 3.0;
				TEST_HOST = "$(BUILT_PRODUCTS_DIR)/SingleDogDaily.app/SingleDogDaily";
			};
			name = Debug;
		};
		655714611DC31E1D000B7200 /* Release */ = {
			isa = XCBuildConfiguration;
			buildSettings = {
				ALWAYS_EMBED_SWIFT_STANDARD_LIBRARIES = YES;
				BUNDLE_LOADER = "$(TEST_HOST)";
				DEVELOPMENT_TEAM = 33T2QK6H57;
				INFOPLIST_FILE = SingleDogDailyTests/Info.plist;
				LD_RUNPATH_SEARCH_PATHS = "$(inherited) @executable_path/Frameworks @loader_path/Frameworks";
				PRODUCT_BUNDLE_IDENTIFIER = tommy.demo.singledogdaily.SingleDogDailyTests;
				PRODUCT_NAME = "$(TARGET_NAME)";
				SWIFT_VERSION = 3.0;
				TEST_HOST = "$(BUILT_PRODUCTS_DIR)/SingleDogDaily.app/SingleDogDaily";
			};
			name = Release;
		};
		655714631DC31E1D000B7200 /* Debug */ = {
			isa = XCBuildConfiguration;
			buildSettings = {
				ALWAYS_EMBED_SWIFT_STANDARD_LIBRARIES = YES;
				DEVELOPMENT_TEAM = 33T2QK6H57;
				INFOPLIST_FILE = SingleDogDailyUITests/Info.plist;
				LD_RUNPATH_SEARCH_PATHS = "$(inherited) @executable_path/Frameworks @loader_path/Frameworks";
				PRODUCT_BUNDLE_IDENTIFIER = tommy.demo.singledogdaily.SingleDogDailyUITests;
				PRODUCT_NAME = "$(TARGET_NAME)";
				SWIFT_VERSION = 3.0;
				TEST_TARGET_NAME = SingleDogDaily;
			};
			name = Debug;
		};
		655714641DC31E1D000B7200 /* Release */ = {
			isa = XCBuildConfiguration;
			buildSettings = {
				ALWAYS_EMBED_SWIFT_STANDARD_LIBRARIES = YES;
				DEVELOPMENT_TEAM = 33T2QK6H57;
				INFOPLIST_FILE = SingleDogDailyUITests/Info.plist;
				LD_RUNPATH_SEARCH_PATHS = "$(inherited) @executable_path/Frameworks @loader_path/Frameworks";
				PRODUCT_BUNDLE_IDENTIFIER = tommy.demo.singledogdaily.SingleDogDailyUITests;
				PRODUCT_NAME = "$(TARGET_NAME)";
				SWIFT_VERSION = 3.0;
				TEST_TARGET_NAME = SingleDogDaily;
			};
			name = Release;
		};
/* End XCBuildConfiguration section */

/* Begin XCConfigurationList section */
		6557142C1DC31E1D000B7200 /* Build configuration list for PBXProject "SingleDogDaily" */ = {
			isa = XCConfigurationList;
			buildConfigurations = (
				6557145A1DC31E1D000B7200 /* Debug */,
				6557145B1DC31E1D000B7200 /* Release */,
			);
			defaultConfigurationIsVisible = 0;
			defaultConfigurationName = Release;
		};
		6557145C1DC31E1D000B7200 /* Build configuration list for PBXNativeTarget "SingleDogDaily" */ = {
			isa = XCConfigurationList;
			buildConfigurations = (
				6557145D1DC31E1D000B7200 /* Debug */,
				6557145E1DC31E1D000B7200 /* Release */,
			);
			defaultConfigurationIsVisible = 0;
		};
		6557145F1DC31E1D000B7200 /* Build configuration list for PBXNativeTarget "SingleDogDailyTests" */ = {
			isa = XCConfigurationList;
			buildConfigurations = (
				655714601DC31E1D000B7200 /* Debug */,
				655714611DC31E1D000B7200 /* Release */,
			);
			defaultConfigurationIsVisible = 0;
		};
		655714621DC31E1D000B7200 /* Build configuration list for PBXNativeTarget "SingleDogDailyUITests" */ = {
			isa = XCConfigurationList;
			buildConfigurations = (
				655714631DC31E1D000B7200 /* Debug */,
				655714641DC31E1D000B7200 /* Release */,
			);
			defaultConfigurationIsVisible = 0;
		};
/* End XCConfigurationList section */

/* Begin XCVersionGroup section */
		6557143B1DC31E1D000B7200 /* SingleDogDaily.xcdatamodeld */ = {
			isa = XCVersionGroup;
			children = (
				6557143C1DC31E1D000B7200 /* SingleDogDaily.xcdatamodel */,
			);
			currentVersion = 6557143C1DC31E1D000B7200 /* SingleDogDaily.xcdatamodel */;
			path = SingleDogDaily.xcdatamodeld;
			sourceTree = "<group>";
			versionGroupType = wrapper.xcdatamodel;
		};
/* End XCVersionGroup section */
	};
	rootObject = 655714291DC31E1D000B7200 /* Project object */;
}
